
Microsoft Visual Studio Solution File, Format Version 12.00
# Visual Studio Version 16
VisualStudioVersion = 16.0.31605.320
MinimumVisualStudioVersion = 10.0.40219.1
Project("{FAE04EC0-301F-11D3-BF4B-00C04F79EFBC}") = "ForsythFamilyPurchasingAndRequisition", "ForsythFamilyPurchasingAndRequisition\ForsythFamilyPurchasingAndRequisition.csproj", "{01D9AD0F-46F2-4C83-95FA-CCF0BD349674}"
EndProject
Global
	GlobalSection(SolutionConfigurationPlatforms) = preSolution
		Debug|Any CPU = Debug|Any CPU
		Release|Any CPU = Release|Any CPU
	EndGlobalSection
	GlobalSection(ProjectConfigurationPlatforms) = postSolution
		{01D9AD0F-46F2-4C83-95FA-CCF0BD349674}.Debug|Any CPU.ActiveCfg = Debug|Any CPU
		{01D9AD0F-46F2-4C83-95FA-CCF0BD349674}.Debug|Any CPU.Build.0 = Debug|Any CPU
		{01D9AD0F-46F2-4C83-95FA-CCF0BD349674}.Release|Any CPU.ActiveCfg = Release|Any CPU
		{01D9AD0F-46F2-4C83-95FA-CCF0BD349674}.Release|Any CPU.Build.0 = Release|Any CPU
	EndGlobalSection
	GlobalSection(SolutionProperties) = preSolution
		HideSolutionNode = FALSE
	EndGlobalSection
	GlobalSection(ExtensibilityGlobals) = postSolution
		SolutionGuid = {7EFB9D84-E682-40B0-B08D-6D3B07CC7E6D}
	EndGlobalSection
EndGlobal
